
Microsoft Visual Studio Solution File, Format Version 12.00
# Visual Studio Version 17
VisualStudioVersion = 17.1.32421.90
MinimumVisualStudioVersion = 10.0.40219.1
Project("{FAE04EC0-301F-11D3-BF4B-00C04F79EFBC}") = "LabService", "LabService\LabService.csproj", "{63359444-FBCD-4E23-A8C2-921CEE3C9530}"
EndProject
Global
	GlobalSection(SolutionConfigurationPlatforms) = preSolution
		Debug|Any CPU = Debug|Any CPU
		Release|Any CPU = Release|Any CPU
	EndGlobalSection
	GlobalSection(ProjectConfigurationPlatforms) = postSolution
		{63359444-FBCD-4E23-A8C2-921CEE3C9530}.Debug|Any CPU.ActiveCfg = Debug|Any CPU
		{63359444-FBCD-4E23-A8C2-921CEE3C9530}.Debug|Any CPU.Build.0 = Debug|Any CPU
		{63359444-FBCD-4E23-A8C2-921CEE3C9530}.Release|Any CPU.ActiveCfg = Release|Any CPU
		{63359444-FBCD-4E23-A8C2-921CEE3C9530}.Release|Any CPU.Build.0 = Release|Any CPU
	EndGlobalSection
	GlobalSection(SolutionProperties) = preSolution
		HideSolutionNode = FALSE
	EndGlobalSection
	GlobalSection(ExtensibilityGlobals) = postSolution
		SolutionGuid = {6AE16F78-6212-4EB5-8E42-6E9399EFBCCD}
	EndGlobalSection
EndGlobal
